
Microsoft Visual Studio Solution File, Format Version 12.00
# Visual Studio 15
VisualStudioVersion = 15.0.26730.12
MinimumVisualStudioVersion = 10.0.40219.1
Project("{FAE04EC0-301F-11D3-BF4B-00C04F79EFBC}") = "038-PansiyonKayit", "038-PansiyonKayit\038-PansiyonKayit.csproj", "{A0283AE9-710D-40F2-BD1C-9AE145597433}"
EndProject
Project("{54435603-DBB4-11D2-8724-00A0C9A8B90C}") = "PansiyonKayitSetup", "PansiyonKayitSetup\PansiyonKayitSetup.vdproj", "{D7B86768-60F4-42C2-A88F-F2A9B869882A}"
EndProject
Global
	GlobalSection(SolutionConfigurationPlatforms) = preSolution
		Debug|Any CPU = Debug|Any CPU
		Release|Any CPU = Release|Any CPU
	EndGlobalSection
	GlobalSection(ProjectConfigurationPlatforms) = postSolution
		{A0283AE9-710D-40F2-BD1C-9AE145597433}.Debug|Any CPU.ActiveCfg = Debug|Any CPU
		{A0283AE9-710D-40F2-BD1C-9AE145597433}.Debug|Any CPU.Build.0 = Debug|Any CPU
		{A0283AE9-710D-40F2-BD1C-9AE145597433}.Release|Any CPU.ActiveCfg = Release|Any CPU
		{A0283AE9-710D-40F2-BD1C-9AE145597433}.Release|Any CPU.Build.0 = Release|Any CPU
		{D7B86768-60F4-42C2-A88F-F2A9B869882A}.Debug|Any CPU.ActiveCfg = Debug
		{D7B86768-60F4-42C2-A88F-F2A9B869882A}.Release|Any CPU.ActiveCfg = Release
	EndGlobalSection
	GlobalSection(SolutionProperties) = preSolution
		HideSolutionNode = FALSE
	EndGlobalSection
	GlobalSection(ExtensibilityGlobals) = postSolution
		SolutionGuid = {502C2AD4-AD66-487A-8DCE-2551C771FBA7}
	EndGlobalSection
EndGlobal
