
Microsoft Visual Studio Solution File, Format Version 12.00
# Visual Studio 15
VisualStudioVersion = 15.0.26730.10
MinimumVisualStudioVersion = 10.0.40219.1
Project("{FAE04EC0-301F-11D3-BF4B-00C04F79EFBC}") = "046-Kapsulleme", "046-Kapsulleme\046-Kapsulleme.csproj", "{6BC84CE6-AD17-4447-9498-5B685C315091}"
EndProject
Global
	GlobalSection(SolutionConfigurationPlatforms) = preSolution
		Debug|Any CPU = Debug|Any CPU
		Release|Any CPU = Release|Any CPU
	EndGlobalSection
	GlobalSection(ProjectConfigurationPlatforms) = postSolution
		{6BC84CE6-AD17-4447-9498-5B685C315091}.Debug|Any CPU.ActiveCfg = Debug|Any CPU
		{6BC84CE6-AD17-4447-9498-5B685C315091}.Debug|Any CPU.Build.0 = Debug|Any CPU
		{6BC84CE6-AD17-4447-9498-5B685C315091}.Release|Any CPU.ActiveCfg = Release|Any CPU
		{6BC84CE6-AD17-4447-9498-5B685C315091}.Release|Any CPU.Build.0 = Release|Any CPU
	EndGlobalSection
	GlobalSection(SolutionProperties) = preSolution
		HideSolutionNode = FALSE
	EndGlobalSection
	GlobalSection(ExtensibilityGlobals) = postSolution
		SolutionGuid = {3498729D-036F-47F5-A86F-E8A41727D803}
	EndGlobalSection
EndGlobal
